
Microsoft Visual Studio Solution File, Format Version 12.00
# Visual Studio Version 17
VisualStudioVersion = 17.13.35931.197
MinimumVisualStudioVersion = 10.0.40219.1
Project("{FAE04EC0-301F-11D3-BF4B-00C04F79EFBC}") = "LojaDeCarros", "LojaDeCarros\LojaDeCarros.csproj", "{28D1459E-994C-4BF9-9B08-6E5EC6B3C043}"
EndProject
Project("{FAE04EC0-301F-11D3-BF4B-00C04F79EFBC}") = "LojaDeCarros.Tests", "LojaDeCarros.Tests\LojaDeCarros.Tests.csproj", "{BD7463EC-8B8E-4437-AC19-4FCC934B7826}"
EndProject
Global
	GlobalSection(SolutionConfigurationPlatforms) = preSolution
		Debug|Any CPU = Debug|Any CPU
		Debug|x64 = Debug|x64
		Debug|x86 = Debug|x86
		Release|Any CPU = Release|Any CPU
		Release|x64 = Release|x64
		Release|x86 = Release|x86
	EndGlobalSection
	GlobalSection(ProjectConfigurationPlatforms) = postSolution
		{28D1459E-994C-4BF9-9B08-6E5EC6B3C043}.Debug|Any CPU.ActiveCfg = Debug|Any CPU
		{28D1459E-994C-4BF9-9B08-6E5EC6B3C043}.Debug|Any CPU.Build.0 = Debug|Any CPU
		{28D1459E-994C-4BF9-9B08-6E5EC6B3C043}.Debug|x64.ActiveCfg = Debug|Any CPU
		{28D1459E-994C-4BF9-9B08-6E5EC6B3C043}.Debug|x64.Build.0 = Debug|Any CPU
		{28D1459E-994C-4BF9-9B08-6E5EC6B3C043}.Debug|x86.ActiveCfg = Debug|Any CPU
		{28D1459E-994C-4BF9-9B08-6E5EC6B3C043}.Debug|x86.Build.0 = Debug|Any CPU
		{28D1459E-994C-4BF9-9B08-6E5EC6B3C043}.Release|Any CPU.ActiveCfg = Release|Any CPU
		{28D1459E-994C-4BF9-9B08-6E5EC6B3C043}.Release|Any CPU.Build.0 = Release|Any CPU
		{28D1459E-994C-4BF9-9B08-6E5EC6B3C043}.Release|x64.ActiveCfg = Release|Any CPU
		{28D1459E-994C-4BF9-9B08-6E5EC6B3C043}.Release|x64.Build.0 = Release|Any CPU
		{28D1459E-994C-4BF9-9B08-6E5EC6B3C043}.Release|x86.ActiveCfg = Release|Any CPU
		{28D1459E-994C-4BF9-9B08-6E5EC6B3C043}.Release|x86.Build.0 = Release|Any CPU
		{BD7463EC-8B8E-4437-AC19-4FCC934B7826}.Debug|Any CPU.ActiveCfg = Debug|Any CPU
		{BD7463EC-8B8E-4437-AC19-4FCC934B7826}.Debug|Any CPU.Build.0 = Debug|Any CPU
		{BD7463EC-8B8E-4437-AC19-4FCC934B7826}.Debug|x64.ActiveCfg = Debug|Any CPU
		{BD7463EC-8B8E-4437-AC19-4FCC934B7826}.Debug|x64.Build.0 = Debug|Any CPU
		{BD7463EC-8B8E-4437-AC19-4FCC934B7826}.Debug|x86.ActiveCfg = Debug|Any CPU
		{BD7463EC-8B8E-4437-AC19-4FCC934B7826}.Debug|x86.Build.0 = Debug|Any CPU
		{BD7463EC-8B8E-4437-AC19-4FCC934B7826}.Release|Any CPU.ActiveCfg = Release|Any CPU
		{BD7463EC-8B8E-4437-AC19-4FCC934B7826}.Release|Any CPU.Build.0 = Release|Any CPU
		{BD7463EC-8B8E-4437-AC19-4FCC934B7826}.Release|x64.ActiveCfg = Release|Any CPU
		{BD7463EC-8B8E-4437-AC19-4FCC934B7826}.Release|x64.Build.0 = Release|Any CPU
		{BD7463EC-8B8E-4437-AC19-4FCC934B7826}.Release|x86.ActiveCfg = Release|Any CPU
		{BD7463EC-8B8E-4437-AC19-4FCC934B7826}.Release|x86.Build.0 = Release|Any CPU
	EndGlobalSection
	GlobalSection(SolutionProperties) = preSolution
		HideSolutionNode = FALSE
	EndGlobalSection
	GlobalSection(ExtensibilityGlobals) = postSolution
		SolutionGuid = {D7D6B489-F6EF-4727-BEBA-63F17DD1B3C4}
	EndGlobalSection
EndGlobal
